
Microsoft Visual Studio Solution File, Format Version 12.00
# Visual Studio Version 17
VisualStudioVersion = 17.4.33205.214
MinimumVisualStudioVersion = 10.0.40219.1
Project("{FAE04EC0-301F-11D3-BF4B-00C04F79EFBC}") = "RepositoryPrac", "RepositoryPrac\RepositoryPrac.csproj", "{68EBB4E9-8D8C-4553-8868-2CD55A901D00}"
EndProject
Global
	GlobalSection(SolutionConfigurationPlatforms) = preSolution
		Debug|Any CPU = Debug|Any CPU
		Release|Any CPU = Release|Any CPU
	EndGlobalSection
	GlobalSection(ProjectConfigurationPlatforms) = postSolution
		{68EBB4E9-8D8C-4553-8868-2CD55A901D00}.Debug|Any CPU.ActiveCfg = Debug|Any CPU
		{68EBB4E9-8D8C-4553-8868-2CD55A901D00}.Debug|Any CPU.Build.0 = Debug|Any CPU
		{68EBB4E9-8D8C-4553-8868-2CD55A901D00}.Release|Any CPU.ActiveCfg = Release|Any CPU
		{68EBB4E9-8D8C-4553-8868-2CD55A901D00}.Release|Any CPU.Build.0 = Release|Any CPU
	EndGlobalSection
	GlobalSection(SolutionProperties) = preSolution
		HideSolutionNode = FALSE
	EndGlobalSection
	GlobalSection(ExtensibilityGlobals) = postSolution
		SolutionGuid = {00488869-5E11-4200-92BD-8A4AAD345AE3}
	EndGlobalSection
EndGlobal
